
Microsoft Visual Studio Solution File, Format Version 12.00
# Visual Studio 15
VisualStudioVersion = 15.0.28307.1082
MinimumVisualStudioVersion = 10.0.40219.1
Project("{FAE04EC0-301F-11D3-BF4B-00C04F79EFBC}") = "WebApp", "WebApp\WebApp.csproj", "{AD9AA67D-0B2D-4F76-8F63-9E8A371474B8}"
EndProject
Project("{FAE04EC0-301F-11D3-BF4B-00C04F79EFBC}") = "CommonHelper", "CommonHelper\CommonHelper.csproj", "{B8371F88-A113-4E4B-BE52-F727D6CB340F}"
EndProject
Global
	GlobalSection(SolutionConfigurationPlatforms) = preSolution
		Debug|Any CPU = Debug|Any CPU
		Release|Any CPU = Release|Any CPU
	EndGlobalSection
	GlobalSection(ProjectConfigurationPlatforms) = postSolution
		{AD9AA67D-0B2D-4F76-8F63-9E8A371474B8}.Debug|Any CPU.ActiveCfg = Debug|Any CPU
		{AD9AA67D-0B2D-4F76-8F63-9E8A371474B8}.Debug|Any CPU.Build.0 = Debug|Any CPU
		{AD9AA67D-0B2D-4F76-8F63-9E8A371474B8}.Release|Any CPU.ActiveCfg = Release|Any CPU
		{AD9AA67D-0B2D-4F76-8F63-9E8A371474B8}.Release|Any CPU.Build.0 = Release|Any CPU
		{B8371F88-A113-4E4B-BE52-F727D6CB340F}.Debug|Any CPU.ActiveCfg = Debug|Any CPU
		{B8371F88-A113-4E4B-BE52-F727D6CB340F}.Debug|Any CPU.Build.0 = Debug|Any CPU
		{B8371F88-A113-4E4B-BE52-F727D6CB340F}.Release|Any CPU.ActiveCfg = Release|Any CPU
		{B8371F88-A113-4E4B-BE52-F727D6CB340F}.Release|Any CPU.Build.0 = Release|Any CPU
	EndGlobalSection
	GlobalSection(SolutionProperties) = preSolution
		HideSolutionNode = FALSE
	EndGlobalSection
	GlobalSection(ExtensibilityGlobals) = postSolution
		SolutionGuid = {BA40E379-3150-4F58-938E-8DB2A61C912F}
	EndGlobalSection
EndGlobal
